<?xml version="1.0" encoding="utf-8"?>
<Project ToolsVersion="4.0" xmlns="http://schemas.microsoft.com/developer/msbuild/2003">
  <ItemGroup>
    <ClCompile Include="src\DiamondSquareNoise.cpp">
      <Filter>src</Filter>
    </ClCompile>
    <ClCompile Include="src\FilesLoader.cpp">
      <Filter>src</Filter>
    </ClCompile>
    <ClCompile Include="src\FilesSaver.cpp">
      <Filter>src</Filter>
    </ClCompile>
    <ClCompile Include="src\FirstPersonCamera.cpp">
      <Filter>src</Filter>
    </ClCompile>
    <ClCompile Include="src\LodePNG.cpp">
      <Filter>src</Filter>
    </ClCompile>
    <ClCompile Include="src\Terrain.cpp">
      <Filter>src</Filter>
    </ClCompile>
    <ClCompile Include="src\SelectionRing.cpp">
      <Filter>src</Filter>
    </ClCompile>
    <ClCompile Include="src\SimplexNoise.cpp">
      <Filter>src</Filter>
    </ClCompile>
    <ClCompile Include="src\TerrainEditor.cpp">
      <Filter>src</Filter>
    </ClCompile>
    <ClCompile Include="src\Main.cpp">
      <Filter>src</Filter>
    </ClCompile>
    <ClCompile Include="src\Pager.cpp">
      <Filter>src</Filter>
    </ClCompile>
    <ClCompile Include="src\Generator.cpp">
      <Filter>src</Filter>
    </ClCompile>
    <ClCompile Include="src\AutoBindingResolver.cpp">
      <Filter>src</Filter>
    </ClCompile>
    <ClCompile Include="src\UInterface.cpp">
      <Filter>src</Filter>
    </ClCompile>
  </ItemGroup>
  <ItemGroup>
    <ClInclude Include="src\DiamondSquareNoise.h">
      <Filter>headers</Filter>
    </ClInclude>
    <ClInclude Include="src\FilesLoader.h">
      <Filter>headers</Filter>
    </ClInclude>
    <ClInclude Include="src\FilesSaver.h">
      <Filter>headers</Filter>
    </ClInclude>
    <ClInclude Include="src\FirstPersonCamera.h">
      <Filter>headers</Filter>
    </ClInclude>
    <ClInclude Include="src\INoiseAlgorithm.h">
      <Filter>headers</Filter>
    </ClInclude>
    <ClInclude Include="src\LodePNG.h">
      <Filter>headers</Filter>
    </ClInclude>
    <ClInclude Include="src\SelectionRing.h">
      <Filter>headers</Filter>
    </ClInclude>
    <ClInclude Include="src\SimplexNoise.h">
      <Filter>headers</Filter>
    </ClInclude>
    <ClInclude Include="src\Terrain.h">
      <Filter>headers</Filter>
    </ClInclude>
    <ClInclude Include="src\TerrainEditor.h">
      <Filter>headers</Filter>
    </ClInclude>
    <ClInclude Include="src\Main.h">
      <Filter>headers</Filter>
    </ClInclude>
    <ClInclude Include="src\Generator.h">
      <Filter>headers</Filter>
    </ClInclude>
    <ClInclude Include="src\Pager.h">
      <Filter>headers</Filter>
    </ClInclude>
    <ClInclude Include="src\AutoBindingResolver.h">
      <Filter>headers</Filter>
    </ClInclude>
    <ClInclude Include="src\UInterface.h">
      <Filter>headers</Filter>
    </ClInclude>
  </ItemGroup>
  <ItemGroup>
    <None Include="game.config" />
    <None Include="res\shaders\colored.frag">
      <Filter>res\Shaders</Filter>
    </None>
    <None Include="res\shaders\colored.vert">
      <Filter>res\Shaders</Filter>
    </None>
    <None Include="res\shaders\font.frag">
      <Filter>res\Shaders</Filter>
    </None>
    <None Include="res\shaders\font.vert">
      <Filter>res\Shaders</Filter>
    </None>
    <None Include="res\shaders\form.frag">
      <Filter>res\Shaders</Filter>
    </None>
    <None Include="res\shaders\form.vert">
      <Filter>res\Shaders</Filter>
    </None>
    <None Include="res\shaders\lighting.frag">
      <Filter>res\Shaders</Filter>
    </None>
    <None Include="res\shaders\lighting.vert">
      <Filter>res\Shaders</Filter>
    </None>
    <None Include="res\shaders\terrain.vert">
      <Filter>res\Shaders</Filter>
    </None>
    <None Include="res\shaders\skinning.vert">
      <Filter>res\Shaders</Filter>
    </None>
    <None Include="res\shaders\skinning-none.vert">
      <Filter>res\Shaders</Filter>
    </None>
    <None Include="res\shaders\sprite.frag">
      <Filter>res\Shaders</Filter>
    </None>
    <None Include="res\shaders\sprite.vert">
      <Filter>res\Shaders</Filter>
    </None>
    <None Include="res\shaders\terrain.frag">
      <Filter>res\Shaders</Filter>
    </None>
    <None Include="res\shaders\textured.frag">
      <Filter>res\Shaders</Filter>
    </None>
    <None Include="res\shaders\textured.vert">
      <Filter>res\Shaders</Filter>
    </None>
    <None Include="README.md" />
    <None Include="LICENSE.md" />
    <None Include="res\forms\generateBlendmaps.form">
      <Filter>res\UI forms</Filter>
    </None>
    <None Include="res\forms\generateObjects.form">
      <Filter>res\UI forms</Filter>
    </None>
    <None Include="res\forms\generateTerrains.form">
      <Filter>res\UI forms</Filter>
    </None>
    <None Include="res\forms\load.form">
      <Filter>res\UI forms</Filter>
    </None>
    <None Include="res\forms\main.form">
      <Filter>res\UI forms</Filter>
    </None>
    <None Include="res\forms\save.form">
      <Filter>res\UI forms</Filter>
    </None>
    <None Include="res\materials\terrainDirectionallight.material">
      <Filter>res\Materials</Filter>
    </None>
    <None Include="res\materials\terrainPointlight.material">
      <Filter>res\Materials</Filter>
    </None>
    <None Include="res\materials\treeDirectionallight.material">
      <Filter>res\Materials</Filter>
    </None>
    <None Include="res\materials\treePointlight.material">
      <Filter>res\Materials</Filter>
    </None>
    <None Include="res\common\Tree_directionallight.scene">
      <Filter>res\Scenes</Filter>
    </None>
    <None Include="res\common\Tree_pointlight.scene">
      <Filter>res\Scenes</Filter>
    </None>
  </ItemGroup>
  <ItemGroup>
    <Text Include="TODO.txt" />
  </ItemGroup>
  <ItemGroup>
    <Filter Include="src">
      <UniqueIdentifier>{9e6106e4-1429-47ec-a80d-fb4182f059a0}</UniqueIdentifier>
    </Filter>
    <Filter Include="res">
      <UniqueIdentifier>{a4d0bc44-7e50-4814-b73b-eb0a0e88e26b}</UniqueIdentifier>
    </Filter>
    <Filter Include="res\UI forms">
      <UniqueIdentifier>{1b2cdcec-0110-4726-b1ac-229cef33427d}</UniqueIdentifier>
    </Filter>
    <Filter Include="headers">
      <UniqueIdentifier>{42106bf8-5cb5-481e-bc1a-c1bb98885882}</UniqueIdentifier>
    </Filter>
    <Filter Include="res\Materials">
      <UniqueIdentifier>{32c04876-21b3-4b62-bc58-4da5def7b043}</UniqueIdentifier>
    </Filter>
    <Filter Include="res\Shaders">
      <UniqueIdentifier>{d2cb3149-292b-4da4-a83e-6882da0dd98b}</UniqueIdentifier>
    </Filter>
    <Filter Include="res\Scenes">
      <UniqueIdentifier>{b78f3008-cada-4c64-8ca5-7d97f19648d3}</UniqueIdentifier>
    </Filter>
  </ItemGroup>
</Project>