
Microsoft Visual Studio Solution File, Format Version 12.00
# Visual Studio 14
VisualStudioVersion = 14.0.23107.0
MinimumVisualStudioVersion = 10.0.40219.1
Project("{8BC9CEB8-8B4A-11D0-8D11-00A0C91BC942}") = "GP_Terrain_Editor", "GP_Terrain_Editor.vcxproj", "{B01991B5-2B92-46D3-810B-2278384D2B29}"
EndProject
Global
	GlobalSection(SolutionConfigurationPlatforms) = preSolution
		Debug|x64 = Debug|x64
		Debug|x86 = Debug|x86
		DebugMem|x64 = DebugMem|x64
		DebugMem|x86 = DebugMem|x86
		Release|x64 = Release|x64
		Release|x86 = Release|x86
	EndGlobalSection
	GlobalSection(ProjectConfigurationPlatforms) = postSolution
		{B01991B5-2B92-46D3-810B-2278384D2B29}.Debug|x64.ActiveCfg = Debug|x64
		{B01991B5-2B92-46D3-810B-2278384D2B29}.Debug|x64.Build.0 = Debug|x64
		{B01991B5-2B92-46D3-810B-2278384D2B29}.Debug|x86.ActiveCfg = Debug|Win32
		{B01991B5-2B92-46D3-810B-2278384D2B29}.Debug|x86.Build.0 = Debug|Win32
		{B01991B5-2B92-46D3-810B-2278384D2B29}.DebugMem|x64.ActiveCfg = DebugMem|x64
		{B01991B5-2B92-46D3-810B-2278384D2B29}.DebugMem|x64.Build.0 = DebugMem|x64
		{B01991B5-2B92-46D3-810B-2278384D2B29}.DebugMem|x86.ActiveCfg = DebugMem|Win32
		{B01991B5-2B92-46D3-810B-2278384D2B29}.DebugMem|x86.Build.0 = DebugMem|Win32
		{B01991B5-2B92-46D3-810B-2278384D2B29}.Release|x64.ActiveCfg = Release|x64
		{B01991B5-2B92-46D3-810B-2278384D2B29}.Release|x64.Build.0 = Release|x64
		{B01991B5-2B92-46D3-810B-2278384D2B29}.Release|x86.ActiveCfg = Release|Win32
		{B01991B5-2B92-46D3-810B-2278384D2B29}.Release|x86.Build.0 = Release|Win32
	EndGlobalSection
	GlobalSection(SolutionProperties) = preSolution
		HideSolutionNode = FALSE
	EndGlobalSection
EndGlobal
